{
    "_meta": {
        "hash": {
            "sha256": "b70bd335b0e4a00121805b7b4415b3666b6c04d6e05cce0cc492f1970dd4e7f2"
        },
        "pipfile-spec": 6,
        "requires": {
            "python_version": "3.10"
        },
        "sources": [
            {
                "name": "pypi",
                "url": "https://pypi.org/simple",
                "verify_ssl": true
            }
        ]
    },
    "default": {
        "aniso8601": {
            "hashes": [
                "sha256:1d2b7ef82963909e93c4f24ce48d4de9e66009a21bf1c1e1c85bdd0812fe412f",
                "sha256:72e3117667eedf66951bb2d93f4296a56b94b078a8a95905a052611fb3f1b973"
            ],
            "version": "==9.0.1"
        },
        "asgiref": {
            "hashes": [
                "sha256:1d2880b792ae8757289136f1db2b7b99100ce959b2aa57fd69dab783d05afac4",
                "sha256:4a29362a6acebe09bf1d6640db38c1dc3d9217c68e6f9f6204d72667fc19a424"
            ],
            "markers": "python_version >= '3.7'",
            "version": "==3.5.2"
        },
        "django": {
            "hashes": [
                "sha256:678bbfc8604eb246ed54e2063f0765f13b321a50526bdc8cb1f943eda7fa31f1",
                "sha256:6b1de6886cae14c7c44d188f580f8ba8da05750f544c80ae5ad43375ab293cd5"
            ],
            "index": "pypi",
            "version": "==4.1.3"
        },
        "django-cors-headers": {
            "hashes": [
                "sha256:37e42883b5f1f2295df6b4bba96eb2417a14a03270cb24b2a07f021cd4487cf4",
                "sha256:f9dc6b4e3f611c3199700b3e5f3398c28757dcd559c2f82932687f3d0443cfdf"
            ],
            "index": "pypi",
            "version": "==3.13.0"
        },
        "django-graphql-jwt": {
            "hashes": [
                "sha256:654808417a1fa97e4d489766b61046fa8006f58dfad1c44cc3a37a9e4929203b",
                "sha256:fb20194bda649b2b1b49049ef84d0e957851df485fba7f1901aace54ca328063"
            ],
            "index": "pypi",
            "version": "==0.3.4"
        },
        "graphene": {
            "hashes": [
                "sha256:1c0d43560a86536b7816bb05e3685beebf140118e091a9c445cd10f55acb20fd",
                "sha256:ff251dbc39a6409106c41de444358d93b2c5588d161dce2245bea7d74b445c86"
            ],
            "index": "pypi",
            "version": "==3.1.1"
        },
        "graphene-django": {
            "hashes": [
                "sha256:018a8dc4736d99b5bb4a15d7fd0b46c98010e9201cb52a290f6d1f16ae6fefda",
                "sha256:9fa531d319d5c8f9e08274628f547574ee684e74dddd1c969abf38142bc32df2"
            ],
            "index": "pypi",
            "version": "==3.0.0"
        },
        "graphql-core": {
            "hashes": [
                "sha256:06d2aad0ac723e35b1cb47885d3e5c45e956a53bc1b209a9fc5369007fe46676",
                "sha256:5766780452bd5ec8ba133f8bf287dc92713e3868ddd83aee4faab9fc3e303dc3"
            ],
            "markers": "python_version >= '3.6' and python_version < '4'",
            "version": "==3.2.3"
        },
        "graphql-relay": {
            "hashes": [
                "sha256:1ff1c51298356e481a0be009ccdff249832ce53f30559c1338f22a0e0d17250c",
                "sha256:c9b22bd28b170ba1fe674c74384a8ff30a76c8e26f88ac3aa1584dd3179953e5"
            ],
            "markers": "python_version >= '3.6' and python_version < '4'",
            "version": "==3.2.0"
        },
        "promise": {
            "hashes": [
                "sha256:dfd18337c523ba4b6a58801c164c1904a9d4d1b1747c7d5dbf45b693a49d93d0"
            ],
            "version": "==2.3"
        },
        "pyjwt": {
            "hashes": [
                "sha256:69285c7e31fc44f68a1feb309e948e0df53259d579295e6cfe2b1792329f05fd",
                "sha256:d83c3d892a77bbb74d3e1a2cfa90afaadb60945205d1095d9221f04466f64c14"
            ],
            "markers": "python_version >= '3.7'",
            "version": "==2.6.0"
        },
        "six": {
            "hashes": [
                "sha256:1e61c37477a1626458e36f7b1d82aa5c9b094fa4802892072e49de9c60c4c926",
                "sha256:8abb2f1d86890a2dfb989f9a77cfcfd3e47c2a354b01111771326f8aa26e0254"
            ],
            "markers": "python_version >= '2.7' and python_version not in '3.0, 3.1, 3.2, 3.3'",
            "version": "==1.16.0"
        },
        "sqlparse": {
            "hashes": [
                "sha256:0323c0ec29cd52bceabc1b4d9d579e311f3e4961b98d174201d5622a23b85e34",
                "sha256:69ca804846bb114d2ec380e4360a8a340db83f0ccf3afceeb1404df028f57268"
            ],
            "markers": "python_version >= '3.5'",
            "version": "==0.4.3"
        },
        "text-unidecode": {
            "hashes": [
                "sha256:1311f10e8b895935241623731c2ba64f4c455287888b18189350b67134a822e8",
                "sha256:bad6603bb14d279193107714b288be206cac565dfa49aa5b105294dd5c4aab93"
            ],
            "version": "==1.3"
        },
        "tzdata": {
            "hashes": [
                "sha256:04a680bdc5b15750c39c12a448885a51134a27ec9af83667663f0b3a1bf3f342",
                "sha256:91f11db4503385928c15598c98573e3af07e7229181bee5375bd30f1695ddcae"
            ],
            "markers": "sys_platform == 'win32'",
            "version": "==2022.6"
        }
    },
    "develop": {
        "autopep8": {
            "hashes": [
                "sha256:8b1659c7f003e693199f52caffdc06585bb0716900bbc6a7442fd931d658c077",
                "sha256:ad924b42c2e27a1ac58e432166cc4588f5b80747de02d0d35b1ecbd3e7d57207"
            ],
            "index": "pypi",
            "version": "==2.0.0"
        },
        "pycodestyle": {
            "hashes": [
                "sha256:2c9607871d58c76354b697b42f5d57e1ada7d261c261efac224b664affdc5785",
                "sha256:d1735fc58b418fd7c5f658d28d943854f8a849b01a5d0a1e6f3f3fdd0166804b"
            ],
            "markers": "python_version >= '3.6'",
            "version": "==2.9.1"
        },
        "tomli": {
            "hashes": [
                "sha256:939de3e7a6161af0c887ef91b7d41a53e7c5a1ca976325f429cb46ea9bc30ecc",
                "sha256:de526c12914f0c550d15924c62d72abc48d6fe7364aa87328337a31007fe8a4f"
            ],
            "markers": "python_version >= '3.7'",
            "version": "==2.0.1"
        }
    }
}
